
Microsoft Visual Studio Solution File, Format Version 12.00
Project("{FAE04EC0-301F-11D3-BF4B-00C04F79EFBC}") = "zadanie1", "zadanie1\zadanie1.csproj", "{7B89058D-C8A6-4016-9BEA-4F1A814DB30E}"
EndProject
Project("{FAE04EC0-301F-11D3-BF4B-00C04F79EFBC}") = "zadanie1.Tests", "zadanie1.Tests\zadanie1.Tests.csproj", "{AA115847-81D9-478F-BA0B-933A02BC8D68}"
EndProject
Global
	GlobalSection(SolutionConfigurationPlatforms) = preSolution
		Debug|Any CPU = Debug|Any CPU
		Release|Any CPU = Release|Any CPU
	EndGlobalSection
	GlobalSection(ProjectConfigurationPlatforms) = postSolution
		{7B89058D-C8A6-4016-9BEA-4F1A814DB30E}.Debug|Any CPU.ActiveCfg = Debug|Any CPU
		{7B89058D-C8A6-4016-9BEA-4F1A814DB30E}.Debug|Any CPU.Build.0 = Debug|Any CPU
		{7B89058D-C8A6-4016-9BEA-4F1A814DB30E}.Release|Any CPU.ActiveCfg = Release|Any CPU
		{7B89058D-C8A6-4016-9BEA-4F1A814DB30E}.Release|Any CPU.Build.0 = Release|Any CPU
		{AA115847-81D9-478F-BA0B-933A02BC8D68}.Debug|Any CPU.ActiveCfg = Debug|Any CPU
		{AA115847-81D9-478F-BA0B-933A02BC8D68}.Debug|Any CPU.Build.0 = Debug|Any CPU
		{AA115847-81D9-478F-BA0B-933A02BC8D68}.Release|Any CPU.ActiveCfg = Release|Any CPU
		{AA115847-81D9-478F-BA0B-933A02BC8D68}.Release|Any CPU.Build.0 = Release|Any CPU
	EndGlobalSection
EndGlobal
